<?xml version="1.0" encoding="utf-8"?>
<Project ToolsVersion="4.0" xmlns="http://schemas.microsoft.com/developer/msbuild/2003">
  <ItemGroup>
    <Filter Include="Source Files">
      <UniqueIdentifier>{4FC737F1-C7A5-4376-A066-2A32D752A2FF}</UniqueIdentifier>
      <Extensions>cpp;c;cc;cxx;def;odl;idl;hpj;bat;asm;asmx</Extensions>
    </Filter>
    <Filter Include="Header Files">
      <UniqueIdentifier>{93995380-89BD-4b04-88EB-625FBE52EBFB}</UniqueIdentifier>
      <Extensions>h;hpp;hxx;hm;inl;inc;xsd</Extensions>
    </Filter>
    <Filter Include="Resource Files">
      <UniqueIdentifier>{67DA6AB6-F800-4c08-8B7A-83BB121AAD01}</UniqueIdentifier>
      <Extensions>rc;ico;cur;bmp;dlg;rc2;rct;bin;rgs;gif;jpg;jpeg;jpe;resx;tiff;tif;png;wav;mfcribbon-ms</Extensions>
    </Filter>
  </ItemGroup>
  <ItemGroup>
    <ClInclude Include="AES.h">
      <Filter>Header Files</Filter>
    </ClInclude>
    <ClInclude Include="AutoKey.h">
      <Filter>Header Files</Filter>
    </ClInclude>
    <ClInclude Include="Ceaser_Cipher.h">
      <Filter>Header Files</Filter>
    </ClInclude>
    <ClInclude Include="Columnar.h">
      <Filter>Header Files</Filter>
    </ClInclude>
    <ClInclude Include="DES.h">
      <Filter>Header Files</Filter>
    </ClInclude>
    <ClInclude Include="Hill_Cipher.h">
      <Filter>Header Files</Filter>
    </ClInclude>
    <ClInclude Include="IUtilities.h">
      <Filter>Header Files</Filter>
    </ClInclude>
    <ClInclude Include="Monoalphabetic_Cipher.h">
      <Filter>Header Files</Filter>
    </ClInclude>
    <ClInclude Include="Playfair_Cipher.h">
      <Filter>Header Files</Filter>
    </ClInclude>
    <ClInclude Include="Polyalphabetic.h">
      <Filter>Header Files</Filter>
    </ClInclude>
    <ClInclude Include="RailFence.h">
      <Filter>Header Files</Filter>
    </ClInclude>
    <ClInclude Include="Repeatingkey.h">
      <Filter>Header Files</Filter>
    </ClInclude>
    <ClInclude Include="Security_Package.h">
      <Filter>Header Files</Filter>
    </ClInclude>
    <ClInclude Include="SecurityPackageWrapper.h">
      <Filter>Header Files</Filter>
    </ClInclude>
    <ClInclude Include="SecurityAlgorithmsFactory.h">
      <Filter>Header Files</Filter>
    </ClInclude>
    <ClInclude Include="RC4.h">
      <Filter>Header Files</Filter>
    </ClInclude>
  </ItemGroup>
  <ItemGroup>
    <ClCompile Include="AES.cpp">
      <Filter>Source Files</Filter>
    </ClCompile>
    <ClCompile Include="AutoKey.cpp">
      <Filter>Source Files</Filter>
    </ClCompile>
    <ClCompile Include="Ceaser_Cipher.cpp">
      <Filter>Source Files</Filter>
    </ClCompile>
    <ClCompile Include="DES.cpp">
      <Filter>Source Files</Filter>
    </ClCompile>
    <ClCompile Include="Hill_Cipher.cpp">
      <Filter>Source Files</Filter>
    </ClCompile>
    <ClCompile Include="Monoalphabetic_Cipher.cpp">
      <Filter>Source Files</Filter>
    </ClCompile>
    <ClCompile Include="Playfair_Cipher.cpp">
      <Filter>Source Files</Filter>
    </ClCompile>
    <ClCompile Include="Polyalphabetic.cpp">
      <Filter>Source Files</Filter>
    </ClCompile>
    <ClCompile Include="RailFence.cpp">
      <Filter>Source Files</Filter>
    </ClCompile>
    <ClCompile Include="RepeatingKey.cpp">
      <Filter>Source Files</Filter>
    </ClCompile>
    <ClCompile Include="SecurityPackageWrapper.cpp">
      <Filter>Source Files</Filter>
    </ClCompile>
    <ClCompile Include="SecurityAlgorithmsFactory.cpp">
      <Filter>Header Files</Filter>
    </ClCompile>
    <ClCompile Include="Columnar.cpp">
      <Filter>Source Files</Filter>
    </ClCompile>
    <ClCompile Include="RC4.cpp">
      <Filter>Source Files</Filter>
    </ClCompile>
  </ItemGroup>
  <ItemGroup>
    <None Include="ClassDiagram1.cd" />
  </ItemGroup>
</Project>